
Microsoft Visual Studio Solution File, Format Version 12.00
# Visual Studio 15
VisualStudioVersion = 15.0.26430.6
MinimumVisualStudioVersion = 10.0.40219.1
Project("{FAE04EC0-301F-11D3-BF4B-00C04F79EFBC}") = "ConsultX", "ConsultX\ConsultX.csproj", "{2B78A4C9-3893-445F-A1C9-3594B07FBC70}"
EndProject
Project("{FAE04EC0-301F-11D3-BF4B-00C04F79EFBC}") = "ConultBO", "ConultBO\ConultBO.csproj", "{F5D8DEEF-8522-4243-B5A7-54CFD1FA5A95}"
EndProject
Global
	GlobalSection(SolutionConfigurationPlatforms) = preSolution
		Debug|Any CPU = Debug|Any CPU
		Release|Any CPU = Release|Any CPU
	EndGlobalSection
	GlobalSection(ProjectConfigurationPlatforms) = postSolution
		{2B78A4C9-3893-445F-A1C9-3594B07FBC70}.Debug|Any CPU.ActiveCfg = Debug|Any CPU
		{2B78A4C9-3893-445F-A1C9-3594B07FBC70}.Debug|Any CPU.Build.0 = Debug|Any CPU
		{2B78A4C9-3893-445F-A1C9-3594B07FBC70}.Debug|Any CPU.Deploy.0 = Debug|Any CPU
		{2B78A4C9-3893-445F-A1C9-3594B07FBC70}.Release|Any CPU.ActiveCfg = Release|Any CPU
		{2B78A4C9-3893-445F-A1C9-3594B07FBC70}.Release|Any CPU.Build.0 = Release|Any CPU
		{2B78A4C9-3893-445F-A1C9-3594B07FBC70}.Release|Any CPU.Deploy.0 = Release|Any CPU
		{F5D8DEEF-8522-4243-B5A7-54CFD1FA5A95}.Debug|Any CPU.ActiveCfg = Debug|Any CPU
		{F5D8DEEF-8522-4243-B5A7-54CFD1FA5A95}.Debug|Any CPU.Build.0 = Debug|Any CPU
		{F5D8DEEF-8522-4243-B5A7-54CFD1FA5A95}.Release|Any CPU.ActiveCfg = Release|Any CPU
		{F5D8DEEF-8522-4243-B5A7-54CFD1FA5A95}.Release|Any CPU.Build.0 = Release|Any CPU
	EndGlobalSection
	GlobalSection(SolutionProperties) = preSolution
		HideSolutionNode = FALSE
	EndGlobalSection
EndGlobal
